// !$*UTF8*$!
{
	archiveVersion = 1;
	classes = {
	};
	objectVersion = 46;
	objects = {

/* Begin PBXBuildFile section */
		BC08C9F71E6C3895005E133D /* AppDelegate.swift in Sources */ = {isa = PBXBuildFile; fileRef = BC08C9F61E6C3895005E133D /* AppDelegate.swift */; };
		BC08C9F91E6C3895005E133D /* ViewController.swift in Sources */ = {isa = PBXBuildFile; fileRef = BC08C9F81E6C3895005E133D /* ViewController.swift */; };
		BC08C9FC1E6C3895005E133D /* Main.storyboard in Resources */ = {isa = PBXBuildFile; fileRef = BC08C9FA1E6C3895005E133D /* Main.storyboard */; };
		BC08C9FE1E6C3895005E133D /* Assets.xcassets in Resources */ = {isa = PBXBuildFile; fileRef = BC08C9FD1E6C3895005E133D /* Assets.xcassets */; };
		BC08CA011E6C3895005E133D /* LaunchScreen.storyboard in Resources */ = {isa = PBXBuildFile; fileRef = BC08C9FF1E6C3895005E133D /* LaunchScreen.storyboard */; };
/* End PBXBuildFile section */

/* Begin PBXFileReference section */
		BC08C9F31E6C3895005E133D /* FastWebAccess.app */ = {isa = PBXFileReference; explicitFileType = wrapper.application; includeInIndex = 0; path = FastWebAccess.app; sourceTree = BUILT_PRODUCTS_DIR; };
		BC08C9F61E6C3895005E133D /* AppDelegate.swift */ = {isa = PBXFileReference; lastKnownFileType = sourcecode.swift; path = AppDelegate.swift; sourceTree = "<group>"; };
		BC08C9F81E6C3895005E133D /* ViewController.swift */ = {isa = PBXFileReference; lastKnownFileType = sourcecode.swift; path = ViewController.swift; sourceTree = "<group>"; };
		BC08C9FB1E6C3895005E133D /* Base */ = {isa = PBXFileReference; lastKnownFileType = file.storyboard; name = Base; path = Base.lproj/Main.storyboard; sourceTree = "<group>"; };
		BC08C9FD1E6C3895005E133D /* Assets.xcassets */ = {isa = PBXFileReference; lastKnownFileType = folder.assetcatalog; path = Assets.xcassets; sourceTree = "<group>"; };
		BC08CA001E6C3895005E133D /* Base */ = {isa = PBXFileReference; lastKnownFileType = file.storyboard; name = Base; path = Base.lproj/LaunchScreen.storyboard; sourceTree = "<group>"; };
		BC08CA021E6C3895005E133D /* Info.plist */ = {isa = PBXFileReference; lastKnownFileType = text.plist.xml; path = Info.plist; sourceTree = "<group>"; };
/* End PBXFileReference section */

/* Begin PBXFrameworksBuildPhase section */
		BC08C9F01E6C3895005E133D /* Frameworks */ = {
			isa = PBXFrameworksBuildPhase;
			buildActionMask = 2147483647;
			files = (
			);
			runOnlyForDeploymentPostprocessing = 0;
		};
/* End PBXFrameworksBuildPhase section */

/* Begin PBXGroup section */
		BC08C9EA1E6C3895005E133D = {
			isa = PBXGroup;
			children = (
				BC08C9F51E6C3895005E133D /* FastWebAccess */,
				BC08C9F41E6C3895005E133D /* Products */,
			);
			sourceTree = "<group>";
		};
		BC08C9F41E6C3895005E133D /* Products */ = {
			isa = PBXGroup;
			children = (
				BC08C9F31E6C3895005E133D /* FastWebAccess.app */,
			);
			name = Products;
			sourceTree = "<group>";
		};
		BC08C9F51E6C3895005E133D /* FastWebAccess */ = {
			isa = PBXGroup;
			children = (
				BC08C9F61E6C3895005E133D /* AppDelegate.swift */,
				BC08C9F81E6C3895005E133D /* ViewController.swift */,
				BC08C9FA1E6C3895005E133D /* Main.storyboard */,
				BC08C9FD1E6C3895005E133D /* Assets.xcassets */,
				BC08C9FF1E6C3895005E133D /* LaunchScreen.storyboard */,
				BC08CA021E6C3895005E133D /* Info.plist */,
			);
			path = FastWebAccess;
			sourceTree = "<group>";
		};
/* End PBXGroup section */

/* Begin PBXNativeTarget section */
		BC08C9F21E6C3895005E133D /* FastWebAccess */ = {
			isa = PBXNativeTarget;
			buildConfigurationList = BC08CA051E6C3895005E133D /* Build configuration list for PBXNativeTarget "FastWebAccess" */;
			buildPhases = (
				BC08C9EF1E6C3895005E133D /* Sources */,
				BC08C9F01E6C3895005E133D /* Frameworks */,
				BC08C9F11E6C3895005E133D /* Resources */,
			);
			buildRules = (
			);
			dependencies = (
			);
			name = FastWebAccess;
			productName = FastWebAccess;
			productReference = BC08C9F31E6C3895005E133D /* FastWebAccess.app */;
			productType = "com.apple.product-type.application";
		};
/* End PBXNativeTarget section */

/* Begin PBXProject section */
		BC08C9EB1E6C3895005E133D /* Project object */ = {
			isa = PBXProject;
			attributes = {
				LastSwiftUpdateCheck = 0820;
				LastUpgradeCheck = 0820;
				ORGANIZATIONNAME = ShuntaNakajima;
				TargetAttributes = {
					BC08C9F21E6C3895005E133D = {
						CreatedOnToolsVersion = 8.2.1;
						DevelopmentTeam = 3XCXCRTJ5X;
						ProvisioningStyle = Automatic;
					};
				};
			};
			buildConfigurationList = BC08C9EE1E6C3895005E133D /* Build configuration list for PBXProject "FastWebAccess" */;
			compatibilityVersion = "Xcode 3.2";
			developmentRegion = English;
			hasScannedForEncodings = 0;
			knownRegions = (
				en,
				Base,
			);
			mainGroup = BC08C9EA1E6C3895005E133D;
			productRefGroup = BC08C9F41E6C3895005E133D /* Products */;
			projectDirPath = "";
			projectRoot = "";
			targets = (
				BC08C9F21E6C3895005E133D /* FastWebAccess */,
			);
		};
/* End PBXProject section */

/* Begin PBXResourcesBuildPhase section */
		BC08C9F11E6C3895005E133D /* Resources */ = {
			isa = PBXResourcesBuildPhase;
			buildActionMask = 2147483647;
			files = (
				BC08CA011E6C3895005E133D /* LaunchScreen.storyboard in Resources */,
				BC08C9FE1E6C3895005E133D /* Assets.xcassets in Resources */,
				BC08C9FC1E6C3895005E133D /* Main.storyboard in Resources */,
			);
			runOnlyForDeploymentPostprocessing = 0;
		};
/* End PBXResourcesBuildPhase section */

/* Begin PBXSourcesBuildPhase section */
		BC08C9EF1E6C3895005E133D /* Sources */ = {
			isa = PBXSourcesBuildPhase;
			buildActionMask = 2147483647;
			files = (
				BC08C9F91E6C3895005E133D /* ViewController.swift in Sources */,
				BC08C9F71E6C3895005E133D /* AppDelegate.swift in Sources */,
			);
			runOnlyForDeploymentPostprocessing = 0;
		};
/* End PBXSourcesBuildPhase section */

/* Begin PBXVariantGroup section */
		BC08C9FA1E6C3895005E133D /* Main.storyboard */ = {
			isa = PBXVariantGroup;
			children = (
				BC08C9FB1E6C3895005E133D /* Base */,
			);
			name = Main.storyboard;
			sourceTree = "<group>";
		};
		BC08C9FF1E6C3895005E133D /* LaunchScreen.storyboard */ = {
			isa = PBXVariantGroup;
			children = (
				BC08CA001E6C3895005E133D /* Base */,
			);
			name = LaunchScreen.storyboard;
			sourceTree = "<group>";
		};
/* End PBXVariantGroup section */

/* Begin XCBuildConfiguration section */
		BC08CA031E6C3895005E133D /* Debug */ = {
			isa = XCBuildConfiguration;
			buildSettings = {
				ALWAYS_SEARCH_USER_PATHS = NO;
				CLANG_ANALYZER_NONNULL = YES;
				CLANG_CXX_LANGUAGE_STANDARD = "gnu++0x";
				CLANG_CXX_LIBRARY = "libc++";
				CLANG_ENABLE_MODULES = YES;
				CLANG_ENABLE_OBJC_ARC = YES;
				CLANG_WARN_BOOL_CONVERSION = YES;
				CLANG_WARN_CONSTANT_CONVERSION = YES;
				CLANG_WARN_DIRECT_OBJC_ISA_USAGE = YES_ERROR;
				CLANG_WARN_DOCUMENTATION_COMMENTS = YES;
				CLANG_WARN_EMPTY_BODY = YES;
				CLANG_WARN_ENUM_CONVERSION = YES;
				CLANG_WARN_INFINITE_RECURSION = YES;
				CLANG_WARN_INT_CONVERSION = YES;
				CLANG_WARN_OBJC_ROOT_CLASS = YES_ERROR;
				CLANG_WARN_SUSPICIOUS_MOVE = YES;
				CLANG_WARN_UNREACHABLE_CODE = YES;
				CLANG_WARN__DUPLICATE_METHOD_MATCH = YES;
				"CODE_SIGN_IDENTITY[sdk=iphoneos*]" = "iPhone Developer";
				COPY_PHASE_STRIP = NO;
				DEBUG_INFORMATION_FORMAT = dwarf;
				ENABLE_STRICT_OBJC_MSGSEND = YES;
				ENABLE_TESTABILITY = YES;
				GCC_C_LANGUAGE_STANDARD = gnu99;
				GCC_DYNAMIC_NO_PIC = NO;
				GCC_NO_COMMON_BLOCKS = YES;
				GCC_OPTIMIZATION_LEVEL = 0;
				GCC_PREPROCESSOR_DEFINITIONS = (
					"DEBUG=1",
					"$(inherited)",
				);
				GCC_WARN_64_TO_32_BIT_CONVERSION = YES;
				GCC_WARN_ABOUT_RETURN_TYPE = YES_ERROR;
				GCC_WARN_UNDECLARED_SELECTOR = YES;
				GCC_WARN_UNINITIALIZED_AUTOS = YES_AGGRESSIVE;
				GCC_WARN_UNUSED_FUNCTION = YES;
				GCC_WARN_UNUSED_VARIABLE = YES;
				IPHONEOS_DEPLOYMENT_TARGET = 10.2;
				MTL_ENABLE_DEBUG_INFO = YES;
				ONLY_ACTIVE_ARCH = YES;
				SDKROOT = iphoneos;
				SWIFT_ACTIVE_COMPILATION_CONDITIONS = DEBUG;
				SWIFT_OPTIMIZATION_LEVEL = "-Onone";
			};
			name = Debug;
		};
		BC08CA041E6C3895005E133D /* Release */ = {
			isa = XCBuildConfiguration;
			buildSettings = {
				ALWAYS_SEARCH_USER_PATHS = NO;
				CLANG_ANALYZER_NONNULL = YES;
				CLANG_CXX_LANGUAGE_STANDARD = "gnu++0x";
				CLANG_CXX_LIBRARY = "libc++";
				CLANG_ENABLE_MODULES = YES;
				CLANG_ENABLE_OBJC_ARC = YES;
				CLANG_WARN_BOOL_CONVERSION = YES;
				CLANG_WARN_CONSTANT_CONVERSION = YES;
				CLANG_WARN_DIRECT_OBJC_ISA_USAGE = YES_ERROR;
				CLANG_WARN_DOCUMENTATION_COMMENTS = YES;
				CLANG_WARN_EMPTY_BODY = YES;
				CLANG_WARN_ENUM_CONVERSION = YES;
				CLANG_WARN_INFINITE_RECURSION = YES;
				CLANG_WARN_INT_CONVERSION = YES;
				CLANG_WARN_OBJC_ROOT_CLASS = YES_ERROR;
				CLANG_WARN_SUSPICIOUS_MOVE = YES;
				CLANG_WARN_UNREACHABLE_CODE = YES;
				CLANG_WARN__DUPLICATE_METHOD_MATCH = YES;
				"CODE_SIGN_IDENTITY[sdk=iphoneos*]" = "iPhone Developer";
				COPY_PHASE_STRIP = NO;
				DEBUG_INFORMATION_FORMAT = "dwarf-with-dsym";
				ENABLE_NS_ASSERTIONS = NO;
				ENABLE_STRICT_OBJC_MSGSEND = YES;
				GCC_C_LANGUAGE_STANDARD = gnu99;
				GCC_NO_COMMON_BLOCKS = YES;
				GCC_WARN_64_TO_32_BIT_CONVERSION = YES;
				GCC_WARN_ABOUT_RETURN_TYPE = YES_ERROR;
				GCC_WARN_UNDECLARED_SELECTOR = YES;
				GCC_WARN_UNINITIALIZED_AUTOS = YES_AGGRESSIVE;
				GCC_WARN_UNUSED_FUNCTION = YES;
				GCC_WARN_UNUSED_VARIABLE = YES;
				IPHONEOS_DEPLOYMENT_TARGET = 10.2;
				MTL_ENABLE_DEBUG_INFO = NO;
				SDKROOT = iphoneos;
				SWIFT_OPTIMIZATION_LEVEL = "-Owholemodule";
				VALIDATE_PRODUCT = YES;
			};
			name = Release;
		};
		BC08CA061E6C3895005E133D /* Debug */ = {
			isa = XCBuildConfiguration;
			buildSettings = {
				ASSETCATALOG_COMPILER_APPICON_NAME = AppIcon;
				DEVELOPMENT_TEAM = 3XCXCRTJ5X;
				INFOPLIST_FILE = FastWebAccess/Info.plist;
				LD_RUNPATH_SEARCH_PATHS = "$(inherited) @executable_path/Frameworks";
				PRODUCT_BUNDLE_IDENTIFIER = com.ShuntaNakajima.FastWebAccess;
				PRODUCT_NAME = "$(TARGET_NAME)";
				SWIFT_VERSION = 3.0;
			};
			name = Debug;
		};
		BC08CA071E6C3895005E133D /* Release */ = {
			isa = XCBuildConfiguration;
			buildSettings = {
				ASSETCATALOG_COMPILER_APPICON_NAME = AppIcon;
				DEVELOPMENT_TEAM = 3XCXCRTJ5X;
				INFOPLIST_FILE = FastWebAccess/Info.plist;
				LD_RUNPATH_SEARCH_PATHS = "$(inherited) @executable_path/Frameworks";
				PRODUCT_BUNDLE_IDENTIFIER = com.ShuntaNakajima.FastWebAccess;
				PRODUCT_NAME = "$(TARGET_NAME)";
				SWIFT_VERSION = 3.0;
			};
			name = Release;
		};
/* End XCBuildConfiguration section */

/* Begin XCConfigurationList section */
		BC08C9EE1E6C3895005E133D /* Build configuration list for PBXProject "FastWebAccess" */ = {
			isa = XCConfigurationList;
			buildConfigurations = (
				BC08CA031E6C3895005E133D /* Debug */,
				BC08CA041E6C3895005E133D /* Release */,
			);
			defaultConfigurationIsVisible = 0;
			defaultConfigurationName = Release;
		};
		BC08CA051E6C3895005E133D /* Build configuration list for PBXNativeTarget "FastWebAccess" */ = {
			isa = XCConfigurationList;
			buildConfigurations = (
				BC08CA061E6C3895005E133D /* Debug */,
				BC08CA071E6C3895005E133D /* Release */,
			);
			defaultConfigurationIsVisible = 0;
		};
/* End XCConfigurationList section */
	};
	rootObject = BC08C9EB1E6C3895005E133D /* Project object */;
}
